{
  "name": "sb01-monew-team5",
<<<<<<< HEAD
  "lockfileVersion": 3,
  "requires": true,
  "packages": {}
=======
  "version": "1.0.0",
  "lockfileVersion": 3,
  "requires": true,
  "packages": {
    "": {
      "name": "sb01-monew-team5",
      "version": "1.0.0",
      "license": "ISC"
    }
  }
>>>>>>> 52dae8c854c71f54f48f83d458842aaef0d1899f
}
